
Microsoft Visual Studio Solution File, Format Version 12.00
# Visual Studio 14
VisualStudioVersion = 14.0.24720.0
MinimumVisualStudioVersion = 10.0.40219.1
Project("{FAE04EC0-301F-11D3-BF4B-00C04F79EFBC}") = "ARnEdSpy", "ARnEdSpy\ARnEdSpy.csproj", "{461A863F-3A5F-4D8A-BC79-2D8CCA3CCFC9}"
EndProject
Project("{FAE04EC0-301F-11D3-BF4B-00C04F79EFBC}") = "Actor.Base", "..\..\ARnActorModel\ARnActorSolution\Actor.Base\Actor.Base.csproj", "{26A2EAE7-170E-4248-B9E2-CF3F95E86F27}"
EndProject
Project("{FAE04EC0-301F-11D3-BF4B-00C04F79EFBC}") = "Actor.Server", "..\..\ARnActorModel\ARnActorSolution\Actor.Server\Actor.Server\Actor.Server.csproj", "{03A619AF-9E9E-4E7D-A905-878F1452DC75}"
EndProject
Project("{FAE04EC0-301F-11D3-BF4B-00C04F79EFBC}") = "WebAngular", "WebAngular\WebAngular.csproj", "{82BD2884-1A49-491A-9C89-6CEAED978E6E}"
EndProject
Global
	GlobalSection(SolutionConfigurationPlatforms) = preSolution
		Debug|Any CPU = Debug|Any CPU
		Debug|x64 = Debug|x64
		Release|Any CPU = Release|Any CPU
		Release|x64 = Release|x64
		x64|Any CPU = x64|Any CPU
		x64|x64 = x64|x64
	EndGlobalSection
	GlobalSection(ProjectConfigurationPlatforms) = postSolution
		{461A863F-3A5F-4D8A-BC79-2D8CCA3CCFC9}.Debug|Any CPU.ActiveCfg = Debug|Any CPU
		{461A863F-3A5F-4D8A-BC79-2D8CCA3CCFC9}.Debug|Any CPU.Build.0 = Debug|Any CPU
		{461A863F-3A5F-4D8A-BC79-2D8CCA3CCFC9}.Debug|x64.ActiveCfg = Debug|Any CPU
		{461A863F-3A5F-4D8A-BC79-2D8CCA3CCFC9}.Release|Any CPU.ActiveCfg = Release|Any CPU
		{461A863F-3A5F-4D8A-BC79-2D8CCA3CCFC9}.Release|Any CPU.Build.0 = Release|Any CPU
		{461A863F-3A5F-4D8A-BC79-2D8CCA3CCFC9}.Release|x64.ActiveCfg = Release|Any CPU
		{461A863F-3A5F-4D8A-BC79-2D8CCA3CCFC9}.x64|Any CPU.ActiveCfg = Release|Any CPU
		{461A863F-3A5F-4D8A-BC79-2D8CCA3CCFC9}.x64|Any CPU.Build.0 = Release|Any CPU
		{461A863F-3A5F-4D8A-BC79-2D8CCA3CCFC9}.x64|x64.ActiveCfg = Release|Any CPU
		{26A2EAE7-170E-4248-B9E2-CF3F95E86F27}.Debug|Any CPU.ActiveCfg = Debug|Any CPU
		{26A2EAE7-170E-4248-B9E2-CF3F95E86F27}.Debug|Any CPU.Build.0 = Debug|Any CPU
		{26A2EAE7-170E-4248-B9E2-CF3F95E86F27}.Debug|x64.ActiveCfg = Debug|x64
		{26A2EAE7-170E-4248-B9E2-CF3F95E86F27}.Debug|x64.Build.0 = Debug|x64
		{26A2EAE7-170E-4248-B9E2-CF3F95E86F27}.Release|Any CPU.ActiveCfg = Release|Any CPU
		{26A2EAE7-170E-4248-B9E2-CF3F95E86F27}.Release|Any CPU.Build.0 = Release|Any CPU
		{26A2EAE7-170E-4248-B9E2-CF3F95E86F27}.Release|x64.ActiveCfg = Release|x64
		{26A2EAE7-170E-4248-B9E2-CF3F95E86F27}.Release|x64.Build.0 = Release|x64
		{26A2EAE7-170E-4248-B9E2-CF3F95E86F27}.x64|Any CPU.ActiveCfg = x64|Any CPU
		{26A2EAE7-170E-4248-B9E2-CF3F95E86F27}.x64|Any CPU.Build.0 = x64|Any CPU
		{26A2EAE7-170E-4248-B9E2-CF3F95E86F27}.x64|x64.ActiveCfg = x64|x64
		{26A2EAE7-170E-4248-B9E2-CF3F95E86F27}.x64|x64.Build.0 = x64|x64
		{03A619AF-9E9E-4E7D-A905-878F1452DC75}.Debug|Any CPU.ActiveCfg = Debug|Any CPU
		{03A619AF-9E9E-4E7D-A905-878F1452DC75}.Debug|Any CPU.Build.0 = Debug|Any CPU
		{03A619AF-9E9E-4E7D-A905-878F1452DC75}.Debug|x64.ActiveCfg = Debug|Any CPU
		{03A619AF-9E9E-4E7D-A905-878F1452DC75}.Debug|x64.Build.0 = Debug|Any CPU
		{03A619AF-9E9E-4E7D-A905-878F1452DC75}.Release|Any CPU.ActiveCfg = Release|Any CPU
		{03A619AF-9E9E-4E7D-A905-878F1452DC75}.Release|Any CPU.Build.0 = Release|Any CPU
		{03A619AF-9E9E-4E7D-A905-878F1452DC75}.Release|x64.ActiveCfg = Release|Any CPU
		{03A619AF-9E9E-4E7D-A905-878F1452DC75}.Release|x64.Build.0 = Release|Any CPU
		{03A619AF-9E9E-4E7D-A905-878F1452DC75}.x64|Any CPU.ActiveCfg = Release|Any CPU
		{03A619AF-9E9E-4E7D-A905-878F1452DC75}.x64|Any CPU.Build.0 = Release|Any CPU
		{03A619AF-9E9E-4E7D-A905-878F1452DC75}.x64|x64.ActiveCfg = Release|Any CPU
		{03A619AF-9E9E-4E7D-A905-878F1452DC75}.x64|x64.Build.0 = Release|Any CPU
		{82BD2884-1A49-491A-9C89-6CEAED978E6E}.Debug|Any CPU.ActiveCfg = Debug|Any CPU
		{82BD2884-1A49-491A-9C89-6CEAED978E6E}.Debug|Any CPU.Build.0 = Debug|Any CPU
		{82BD2884-1A49-491A-9C89-6CEAED978E6E}.Debug|x64.ActiveCfg = Debug|Any CPU
		{82BD2884-1A49-491A-9C89-6CEAED978E6E}.Debug|x64.Build.0 = Debug|Any CPU
		{82BD2884-1A49-491A-9C89-6CEAED978E6E}.Release|Any CPU.ActiveCfg = Release|Any CPU
		{82BD2884-1A49-491A-9C89-6CEAED978E6E}.Release|Any CPU.Build.0 = Release|Any CPU
		{82BD2884-1A49-491A-9C89-6CEAED978E6E}.Release|x64.ActiveCfg = Release|Any CPU
		{82BD2884-1A49-491A-9C89-6CEAED978E6E}.Release|x64.Build.0 = Release|Any CPU
		{82BD2884-1A49-491A-9C89-6CEAED978E6E}.x64|Any CPU.ActiveCfg = Release|Any CPU
		{82BD2884-1A49-491A-9C89-6CEAED978E6E}.x64|Any CPU.Build.0 = Release|Any CPU
		{82BD2884-1A49-491A-9C89-6CEAED978E6E}.x64|x64.ActiveCfg = Release|Any CPU
		{82BD2884-1A49-491A-9C89-6CEAED978E6E}.x64|x64.Build.0 = Release|Any CPU
	EndGlobalSection
	GlobalSection(SolutionProperties) = preSolution
		HideSolutionNode = FALSE
	EndGlobalSection
EndGlobal
